
Microsoft Visual Studio Solution File, Format Version 12.00
# Visual Studio Version 16
VisualStudioVersion = 16.0.32228.343
MinimumVisualStudioVersion = 10.0.40219.1
Project("{9A19103F-16F7-4668-BE54-9A1E7A4F7556}") = "GateWay", "GateWay\GateWay.csproj", "{EF20D27E-D7AD-4E96-9FAD-B17000662F66}"
EndProject
Project("{FAE04EC0-301F-11D3-BF4B-00C04F79EFBC}") = "IOTMessage", "IOTMessage\IOTMessage.csproj", "{18A2635E-FA30-46D4-897F-B480B5BD4279}"
EndProject
Project("{FAE04EC0-301F-11D3-BF4B-00C04F79EFBC}") = "Client", "Client\Client.csproj", "{8E7C7EE2-741D-4C2B-A704-8BBEB7B3217A}"
EndProject
Global
	GlobalSection(SolutionConfigurationPlatforms) = preSolution
		Debug|Any CPU = Debug|Any CPU
		Release|Any CPU = Release|Any CPU
	EndGlobalSection
	GlobalSection(ProjectConfigurationPlatforms) = postSolution
		{EF20D27E-D7AD-4E96-9FAD-B17000662F66}.Debug|Any CPU.ActiveCfg = Debug|Any CPU
		{EF20D27E-D7AD-4E96-9FAD-B17000662F66}.Debug|Any CPU.Build.0 = Debug|Any CPU
		{EF20D27E-D7AD-4E96-9FAD-B17000662F66}.Release|Any CPU.ActiveCfg = Release|Any CPU
		{EF20D27E-D7AD-4E96-9FAD-B17000662F66}.Release|Any CPU.Build.0 = Release|Any CPU
		{18A2635E-FA30-46D4-897F-B480B5BD4279}.Debug|Any CPU.ActiveCfg = Debug|Any CPU
		{18A2635E-FA30-46D4-897F-B480B5BD4279}.Debug|Any CPU.Build.0 = Debug|Any CPU
		{18A2635E-FA30-46D4-897F-B480B5BD4279}.Release|Any CPU.ActiveCfg = Release|Any CPU
		{18A2635E-FA30-46D4-897F-B480B5BD4279}.Release|Any CPU.Build.0 = Release|Any CPU
		{8E7C7EE2-741D-4C2B-A704-8BBEB7B3217A}.Debug|Any CPU.ActiveCfg = Debug|Any CPU
		{8E7C7EE2-741D-4C2B-A704-8BBEB7B3217A}.Debug|Any CPU.Build.0 = Debug|Any CPU
		{8E7C7EE2-741D-4C2B-A704-8BBEB7B3217A}.Release|Any CPU.ActiveCfg = Release|Any CPU
		{8E7C7EE2-741D-4C2B-A704-8BBEB7B3217A}.Release|Any CPU.Build.0 = Release|Any CPU
	EndGlobalSection
	GlobalSection(SolutionProperties) = preSolution
		HideSolutionNode = FALSE
	EndGlobalSection
	GlobalSection(ExtensibilityGlobals) = postSolution
		SolutionGuid = {D5A373E2-ADE0-42A3-96A0-6EBA453600C5}
	EndGlobalSection
EndGlobal
